
Microsoft Visual Studio Solution File, Format Version 12.00
# Visual Studio Version 17
VisualStudioVersion = 17.9.34728.123
MinimumVisualStudioVersion = 10.0.40219.1
Project("{FAE04EC0-301F-11D3-BF4B-00C04F79EFBC}") = "Ajax_Crud", "Ajax_Crud\Ajax_Crud.csproj", "{1B742728-FA20-4A6D-A96C-6EB2A81BF2A8}"
EndProject
Global
	GlobalSection(SolutionConfigurationPlatforms) = preSolution
		Debug|Any CPU = Debug|Any CPU
		Release|Any CPU = Release|Any CPU
	EndGlobalSection
	GlobalSection(ProjectConfigurationPlatforms) = postSolution
		{1B742728-FA20-4A6D-A96C-6EB2A81BF2A8}.Debug|Any CPU.ActiveCfg = Debug|Any CPU
		{1B742728-FA20-4A6D-A96C-6EB2A81BF2A8}.Debug|Any CPU.Build.0 = Debug|Any CPU
		{1B742728-FA20-4A6D-A96C-6EB2A81BF2A8}.Release|Any CPU.ActiveCfg = Release|Any CPU
		{1B742728-FA20-4A6D-A96C-6EB2A81BF2A8}.Release|Any CPU.Build.0 = Release|Any CPU
	EndGlobalSection
	GlobalSection(SolutionProperties) = preSolution
		HideSolutionNode = FALSE
	EndGlobalSection
	GlobalSection(ExtensibilityGlobals) = postSolution
		SolutionGuid = {965962ED-4F2D-433E-8F04-190C470D8678}
	EndGlobalSection
EndGlobal
